// !$*UTF8*$!
{
	archiveVersion = 1;
	classes = {
	};
	objectVersion = 56;
	objects = {

/* Begin PBXBuildFile section */
		BB4C558029F6623100D1C702 /* AppDelegate.swift in Sources */ = {isa = PBXBuildFile; fileRef = BB4C557F29F6623100D1C702 /* AppDelegate.swift */; };
		BB4C558229F6623100D1C702 /* SceneDelegate.swift in Sources */ = {isa = PBXBuildFile; fileRef = BB4C558129F6623100D1C702 /* SceneDelegate.swift */; };
		BB4C558429F6623100D1C702 /* ViewController.swift in Sources */ = {isa = PBXBuildFile; fileRef = BB4C558329F6623100D1C702 /* ViewController.swift */; };
		BB4C558729F6623100D1C702 /* Main.storyboard in Resources */ = {isa = PBXBuildFile; fileRef = BB4C558529F6623100D1C702 /* Main.storyboard */; };
		BB4C558929F6623200D1C702 /* Assets.xcassets in Resources */ = {isa = PBXBuildFile; fileRef = BB4C558829F6623200D1C702 /* Assets.xcassets */; };
		BB4C558C29F6623200D1C702 /* LaunchScreen.storyboard in Resources */ = {isa = PBXBuildFile; fileRef = BB4C558A29F6623200D1C702 /* LaunchScreen.storyboard */; };
		BB4C559729F6623200D1C702 /* DemoDiffableDataSourceTests.swift in Sources */ = {isa = PBXBuildFile; fileRef = BB4C559629F6623200D1C702 /* DemoDiffableDataSourceTests.swift */; };
		BB4C55A129F6623200D1C702 /* DemoDiffableDataSourceUITests.swift in Sources */ = {isa = PBXBuildFile; fileRef = BB4C55A029F6623200D1C702 /* DemoDiffableDataSourceUITests.swift */; };
		BB4C55A329F6623200D1C702 /* DemoDiffableDataSourceUITestsLaunchTests.swift in Sources */ = {isa = PBXBuildFile; fileRef = BB4C55A229F6623200D1C702 /* DemoDiffableDataSourceUITestsLaunchTests.swift */; };
		BB4C55B229F6D9BB00D1C702 /* ExampleCell.swift in Sources */ = {isa = PBXBuildFile; fileRef = BB4C55B129F6D9BB00D1C702 /* ExampleCell.swift */; };
		BB4C55B429F6D9EC00D1C702 /* ExampleCell.xib in Resources */ = {isa = PBXBuildFile; fileRef = BB4C55B329F6D9EC00D1C702 /* ExampleCell.xib */; };
		BB4C55B629F6DA9000D1C702 /* ExampleTable.swift in Sources */ = {isa = PBXBuildFile; fileRef = BB4C55B529F6DA9000D1C702 /* ExampleTable.swift */; };
/* End PBXBuildFile section */

/* Begin PBXContainerItemProxy section */
		BB4C559329F6623200D1C702 /* PBXContainerItemProxy */ = {
			isa = PBXContainerItemProxy;
			containerPortal = BB4C557429F6623100D1C702 /* Project object */;
			proxyType = 1;
			remoteGlobalIDString = BB4C557B29F6623100D1C702;
			remoteInfo = DemoDiffableDataSource;
		};
		BB4C559D29F6623200D1C702 /* PBXContainerItemProxy */ = {
			isa = PBXContainerItemProxy;
			containerPortal = BB4C557429F6623100D1C702 /* Project object */;
			proxyType = 1;
			remoteGlobalIDString = BB4C557B29F6623100D1C702;
			remoteInfo = DemoDiffableDataSource;
		};
/* End PBXContainerItemProxy section */

/* Begin PBXFileReference section */
		BB4C557C29F6623100D1C702 /* DemoDiffableDataSource.app */ = {isa = PBXFileReference; explicitFileType = wrapper.application; includeInIndex = 0; path = DemoDiffableDataSource.app; sourceTree = BUILT_PRODUCTS_DIR; };
		BB4C557F29F6623100D1C702 /* AppDelegate.swift */ = {isa = PBXFileReference; lastKnownFileType = sourcecode.swift; path = AppDelegate.swift; sourceTree = "<group>"; };
		BB4C558129F6623100D1C702 /* SceneDelegate.swift */ = {isa = PBXFileReference; lastKnownFileType = sourcecode.swift; path = SceneDelegate.swift; sourceTree = "<group>"; };
		BB4C558329F6623100D1C702 /* ViewController.swift */ = {isa = PBXFileReference; lastKnownFileType = sourcecode.swift; path = ViewController.swift; sourceTree = "<group>"; };
		BB4C558629F6623100D1C702 /* Base */ = {isa = PBXFileReference; lastKnownFileType = file.storyboard; name = Base; path = Base.lproj/Main.storyboard; sourceTree = "<group>"; };
		BB4C558829F6623200D1C702 /* Assets.xcassets */ = {isa = PBXFileReference; lastKnownFileType = folder.assetcatalog; path = Assets.xcassets; sourceTree = "<group>"; };
		BB4C558B29F6623200D1C702 /* Base */ = {isa = PBXFileReference; lastKnownFileType = file.storyboard; name = Base; path = Base.lproj/LaunchScreen.storyboard; sourceTree = "<group>"; };
		BB4C558D29F6623200D1C702 /* Info.plist */ = {isa = PBXFileReference; lastKnownFileType = text.plist.xml; path = Info.plist; sourceTree = "<group>"; };
		BB4C559229F6623200D1C702 /* DemoDiffableDataSourceTests.xctest */ = {isa = PBXFileReference; explicitFileType = wrapper.cfbundle; includeInIndex = 0; path = DemoDiffableDataSourceTests.xctest; sourceTree = BUILT_PRODUCTS_DIR; };
		BB4C559629F6623200D1C702 /* DemoDiffableDataSourceTests.swift */ = {isa = PBXFileReference; lastKnownFileType = sourcecode.swift; path = DemoDiffableDataSourceTests.swift; sourceTree = "<group>"; };
		BB4C559C29F6623200D1C702 /* DemoDiffableDataSourceUITests.xctest */ = {isa = PBXFileReference; explicitFileType = wrapper.cfbundle; includeInIndex = 0; path = DemoDiffableDataSourceUITests.xctest; sourceTree = BUILT_PRODUCTS_DIR; };
		BB4C55A029F6623200D1C702 /* DemoDiffableDataSourceUITests.swift */ = {isa = PBXFileReference; lastKnownFileType = sourcecode.swift; path = DemoDiffableDataSourceUITests.swift; sourceTree = "<group>"; };
		BB4C55A229F6623200D1C702 /* DemoDiffableDataSourceUITestsLaunchTests.swift */ = {isa = PBXFileReference; lastKnownFileType = sourcecode.swift; path = DemoDiffableDataSourceUITestsLaunchTests.swift; sourceTree = "<group>"; };
		BB4C55B129F6D9BB00D1C702 /* ExampleCell.swift */ = {isa = PBXFileReference; lastKnownFileType = sourcecode.swift; path = ExampleCell.swift; sourceTree = "<group>"; };
		BB4C55B329F6D9EC00D1C702 /* ExampleCell.xib */ = {isa = PBXFileReference; lastKnownFileType = file.xib; path = ExampleCell.xib; sourceTree = "<group>"; };
		BB4C55B529F6DA9000D1C702 /* ExampleTable.swift */ = {isa = PBXFileReference; lastKnownFileType = sourcecode.swift; path = ExampleTable.swift; sourceTree = "<group>"; };
/* End PBXFileReference section */

/* Begin PBXFrameworksBuildPhase section */
		BB4C557929F6623100D1C702 /* Frameworks */ = {
			isa = PBXFrameworksBuildPhase;
			buildActionMask = 2147483647;
			files = (
			);
			runOnlyForDeploymentPostprocessing = 0;
		};
		BB4C558F29F6623200D1C702 /* Frameworks */ = {
			isa = PBXFrameworksBuildPhase;
			buildActionMask = 2147483647;
			files = (
			);
			runOnlyForDeploymentPostprocessing = 0;
		};
		BB4C559929F6623200D1C702 /* Frameworks */ = {
			isa = PBXFrameworksBuildPhase;
			buildActionMask = 2147483647;
			files = (
			);
			runOnlyForDeploymentPostprocessing = 0;
		};
/* End PBXFrameworksBuildPhase section */

/* Begin PBXGroup section */
		BB4C557329F6623100D1C702 = {
			isa = PBXGroup;
			children = (
				BB4C557E29F6623100D1C702 /* DemoDiffableDataSource */,
				BB4C559529F6623200D1C702 /* DemoDiffableDataSourceTests */,
				BB4C559F29F6623200D1C702 /* DemoDiffableDataSourceUITests */,
				BB4C557D29F6623100D1C702 /* Products */,
			);
			sourceTree = "<group>";
		};
		BB4C557D29F6623100D1C702 /* Products */ = {
			isa = PBXGroup;
			children = (
				BB4C557C29F6623100D1C702 /* DemoDiffableDataSource.app */,
				BB4C559229F6623200D1C702 /* DemoDiffableDataSourceTests.xctest */,
				BB4C559C29F6623200D1C702 /* DemoDiffableDataSourceUITests.xctest */,
			);
			name = Products;
			sourceTree = "<group>";
		};
		BB4C557E29F6623100D1C702 /* DemoDiffableDataSource */ = {
			isa = PBXGroup;
			children = (
				BB4C557F29F6623100D1C702 /* AppDelegate.swift */,
				BB4C558829F6623200D1C702 /* Assets.xcassets */,
				BB4C55B129F6D9BB00D1C702 /* ExampleCell.swift */,
				BB4C55B329F6D9EC00D1C702 /* ExampleCell.xib */,
				BB4C558D29F6623200D1C702 /* Info.plist */,
				BB4C558A29F6623200D1C702 /* LaunchScreen.storyboard */,
				BB4C558529F6623100D1C702 /* Main.storyboard */,
				BB4C558129F6623100D1C702 /* SceneDelegate.swift */,
				BB4C558329F6623100D1C702 /* ViewController.swift */,
				BB4C55B529F6DA9000D1C702 /* ExampleTable.swift */,
			);
			path = DemoDiffableDataSource;
			sourceTree = "<group>";
		};
		BB4C559529F6623200D1C702 /* DemoDiffableDataSourceTests */ = {
			isa = PBXGroup;
			children = (
				BB4C559629F6623200D1C702 /* DemoDiffableDataSourceTests.swift */,
			);
			path = DemoDiffableDataSourceTests;
			sourceTree = "<group>";
		};
		BB4C559F29F6623200D1C702 /* DemoDiffableDataSourceUITests */ = {
			isa = PBXGroup;
			children = (
				BB4C55A029F6623200D1C702 /* DemoDiffableDataSourceUITests.swift */,
				BB4C55A229F6623200D1C702 /* DemoDiffableDataSourceUITestsLaunchTests.swift */,
			);
			path = DemoDiffableDataSourceUITests;
			sourceTree = "<group>";
		};
/* End PBXGroup section */

/* Begin PBXNativeTarget section */
		BB4C557B29F6623100D1C702 /* DemoDiffableDataSource */ = {
			isa = PBXNativeTarget;
			buildConfigurationList = BB4C55A629F6623200D1C702 /* Build configuration list for PBXNativeTarget "DemoDiffableDataSource" */;
			buildPhases = (
				BB4C557829F6623100D1C702 /* Sources */,
				BB4C557929F6623100D1C702 /* Frameworks */,
				BB4C557A29F6623100D1C702 /* Resources */,
			);
			buildRules = (
			);
			dependencies = (
			);
			name = DemoDiffableDataSource;
			productName = DemoDiffableDataSource;
			productReference = BB4C557C29F6623100D1C702 /* DemoDiffableDataSource.app */;
			productType = "com.apple.product-type.application";
		};
		BB4C559129F6623200D1C702 /* DemoDiffableDataSourceTests */ = {
			isa = PBXNativeTarget;
			buildConfigurationList = BB4C55A929F6623200D1C702 /* Build configuration list for PBXNativeTarget "DemoDiffableDataSourceTests" */;
			buildPhases = (
				BB4C558E29F6623200D1C702 /* Sources */,
				BB4C558F29F6623200D1C702 /* Frameworks */,
				BB4C559029F6623200D1C702 /* Resources */,
			);
			buildRules = (
			);
			dependencies = (
				BB4C559429F6623200D1C702 /* PBXTargetDependency */,
			);
			name = DemoDiffableDataSourceTests;
			productName = DemoDiffableDataSourceTests;
			productReference = BB4C559229F6623200D1C702 /* DemoDiffableDataSourceTests.xctest */;
			productType = "com.apple.product-type.bundle.unit-test";
		};
		BB4C559B29F6623200D1C702 /* DemoDiffableDataSourceUITests */ = {
			isa = PBXNativeTarget;
			buildConfigurationList = BB4C55AC29F6623200D1C702 /* Build configuration list for PBXNativeTarget "DemoDiffableDataSourceUITests" */;
			buildPhases = (
				BB4C559829F6623200D1C702 /* Sources */,
				BB4C559929F6623200D1C702 /* Frameworks */,
				BB4C559A29F6623200D1C702 /* Resources */,
			);
			buildRules = (
			);
			dependencies = (
				BB4C559E29F6623200D1C702 /* PBXTargetDependency */,
			);
			name = DemoDiffableDataSourceUITests;
			productName = DemoDiffableDataSourceUITests;
			productReference = BB4C559C29F6623200D1C702 /* DemoDiffableDataSourceUITests.xctest */;
			productType = "com.apple.product-type.bundle.ui-testing";
		};
/* End PBXNativeTarget section */

/* Begin PBXProject section */
		BB4C557429F6623100D1C702 /* Project object */ = {
			isa = PBXProject;
			attributes = {
				BuildIndependentTargetsInParallel = 1;
				LastSwiftUpdateCheck = 1410;
				LastUpgradeCheck = 1410;
				TargetAttributes = {
					BB4C557B29F6623100D1C702 = {
						CreatedOnToolsVersion = 14.1;
					};
					BB4C559129F6623200D1C702 = {
						CreatedOnToolsVersion = 14.1;
						TestTargetID = BB4C557B29F6623100D1C702;
					};
					BB4C559B29F6623200D1C702 = {
						CreatedOnToolsVersion = 14.1;
						TestTargetID = BB4C557B29F6623100D1C702;
					};
				};
			};
			buildConfigurationList = BB4C557729F6623100D1C702 /* Build configuration list for PBXProject "DemoDiffableDataSource" */;
			compatibilityVersion = "Xcode 14.0";
			developmentRegion = en;
			hasScannedForEncodings = 0;
			knownRegions = (
				en,
				Base,
			);
			mainGroup = BB4C557329F6623100D1C702;
			productRefGroup = BB4C557D29F6623100D1C702 /* Products */;
			projectDirPath = "";
			projectRoot = "";
			targets = (
				BB4C557B29F6623100D1C702 /* DemoDiffableDataSource */,
				BB4C559129F6623200D1C702 /* DemoDiffableDataSourceTests */,
				BB4C559B29F6623200D1C702 /* DemoDiffableDataSourceUITests */,
			);
		};
/* End PBXProject section */

/* Begin PBXResourcesBuildPhase section */
		BB4C557A29F6623100D1C702 /* Resources */ = {
			isa = PBXResourcesBuildPhase;
			buildActionMask = 2147483647;
			files = (
				BB4C55B429F6D9EC00D1C702 /* ExampleCell.xib in Resources */,
				BB4C558C29F6623200D1C702 /* LaunchScreen.storyboard in Resources */,
				BB4C558929F6623200D1C702 /* Assets.xcassets in Resources */,
				BB4C558729F6623100D1C702 /* Main.storyboard in Resources */,
			);
			runOnlyForDeploymentPostprocessing = 0;
		};
		BB4C559029F6623200D1C702 /* Resources */ = {
			isa = PBXResourcesBuildPhase;
			buildActionMask = 2147483647;
			files = (
			);
			runOnlyForDeploymentPostprocessing = 0;
		};
		BB4C559A29F6623200D1C702 /* Resources */ = {
			isa = PBXResourcesBuildPhase;
			buildActionMask = 2147483647;
			files = (
			);
			runOnlyForDeploymentPostprocessing = 0;
		};
/* End PBXResourcesBuildPhase section */

/* Begin PBXSourcesBuildPhase section */
		BB4C557829F6623100D1C702 /* Sources */ = {
			isa = PBXSourcesBuildPhase;
			buildActionMask = 2147483647;
			files = (
				BB4C55B229F6D9BB00D1C702 /* ExampleCell.swift in Sources */,
				BB4C55B629F6DA9000D1C702 /* ExampleTable.swift in Sources */,
				BB4C558429F6623100D1C702 /* ViewController.swift in Sources */,
				BB4C558029F6623100D1C702 /* AppDelegate.swift in Sources */,
				BB4C558229F6623100D1C702 /* SceneDelegate.swift in Sources */,
			);
			runOnlyForDeploymentPostprocessing = 0;
		};
		BB4C558E29F6623200D1C702 /* Sources */ = {
			isa = PBXSourcesBuildPhase;
			buildActionMask = 2147483647;
			files = (
				BB4C559729F6623200D1C702 /* DemoDiffableDataSourceTests.swift in Sources */,
			);
			runOnlyForDeploymentPostprocessing = 0;
		};
		BB4C559829F6623200D1C702 /* Sources */ = {
			isa = PBXSourcesBuildPhase;
			buildActionMask = 2147483647;
			files = (
				BB4C55A129F6623200D1C702 /* DemoDiffableDataSourceUITests.swift in Sources */,
				BB4C55A329F6623200D1C702 /* DemoDiffableDataSourceUITestsLaunchTests.swift in Sources */,
			);
			runOnlyForDeploymentPostprocessing = 0;
		};
/* End PBXSourcesBuildPhase section */

/* Begin PBXTargetDependency section */
		BB4C559429F6623200D1C702 /* PBXTargetDependency */ = {
			isa = PBXTargetDependency;
			target = BB4C557B29F6623100D1C702 /* DemoDiffableDataSource */;
			targetProxy = BB4C559329F6623200D1C702 /* PBXContainerItemProxy */;
		};
		BB4C559E29F6623200D1C702 /* PBXTargetDependency */ = {
			isa = PBXTargetDependency;
			target = BB4C557B29F6623100D1C702 /* DemoDiffableDataSource */;
			targetProxy = BB4C559D29F6623200D1C702 /* PBXContainerItemProxy */;
		};
/* End PBXTargetDependency section */

/* Begin PBXVariantGroup section */
		BB4C558529F6623100D1C702 /* Main.storyboard */ = {
			isa = PBXVariantGroup;
			children = (
				BB4C558629F6623100D1C702 /* Base */,
			);
			name = Main.storyboard;
			sourceTree = "<group>";
		};
		BB4C558A29F6623200D1C702 /* LaunchScreen.storyboard */ = {
			isa = PBXVariantGroup;
			children = (
				BB4C558B29F6623200D1C702 /* Base */,
			);
			name = LaunchScreen.storyboard;
			sourceTree = "<group>";
		};
/* End PBXVariantGroup section */

/* Begin XCBuildConfiguration section */
		BB4C55A429F6623200D1C702 /* Debug */ = {
			isa = XCBuildConfiguration;
			buildSettings = {
				ALWAYS_SEARCH_USER_PATHS = NO;
				CLANG_ANALYZER_NONNULL = YES;
				CLANG_ANALYZER_NUMBER_OBJECT_CONVERSION = YES_AGGRESSIVE;
				CLANG_CXX_LANGUAGE_STANDARD = "gnu++20";
				CLANG_ENABLE_MODULES = YES;
				CLANG_ENABLE_OBJC_ARC = YES;
				CLANG_ENABLE_OBJC_WEAK = YES;
				CLANG_WARN_BLOCK_CAPTURE_AUTORELEASING = YES;
				CLANG_WARN_BOOL_CONVERSION = YES;
				CLANG_WARN_COMMA = YES;
				CLANG_WARN_CONSTANT_CONVERSION = YES;
				CLANG_WARN_DEPRECATED_OBJC_IMPLEMENTATIONS = YES;
				CLANG_WARN_DIRECT_OBJC_ISA_USAGE = YES_ERROR;
				CLANG_WARN_DOCUMENTATION_COMMENTS = YES;
				CLANG_WARN_EMPTY_BODY = YES;
				CLANG_WARN_ENUM_CONVERSION = YES;
				CLANG_WARN_INFINITE_RECURSION = YES;
				CLANG_WARN_INT_CONVERSION = YES;
				CLANG_WARN_NON_LITERAL_NULL_CONVERSION = YES;
				CLANG_WARN_OBJC_IMPLICIT_RETAIN_SELF = YES;
				CLANG_WARN_OBJC_LITERAL_CONVERSION = YES;
				CLANG_WARN_OBJC_ROOT_CLASS = YES_ERROR;
				CLANG_WARN_QUOTED_INCLUDE_IN_FRAMEWORK_HEADER = YES;
				CLANG_WARN_RANGE_LOOP_ANALYSIS = YES;
				CLANG_WARN_STRICT_PROTOTYPES = YES;
				CLANG_WARN_SUSPICIOUS_MOVE = YES;
				CLANG_WARN_UNGUARDED_AVAILABILITY = YES_AGGRESSIVE;
				CLANG_WARN_UNREACHABLE_CODE = YES;
				CLANG_WARN__DUPLICATE_METHOD_MATCH = YES;
				COPY_PHASE_STRIP = NO;
				DEBUG_INFORMATION_FORMAT = dwarf;
				ENABLE_STRICT_OBJC_MSGSEND = YES;
				ENABLE_TESTABILITY = YES;
				GCC_C_LANGUAGE_STANDARD = gnu11;
				GCC_DYNAMIC_NO_PIC = NO;
				GCC_NO_COMMON_BLOCKS = YES;
				GCC_OPTIMIZATION_LEVEL = 0;
				GCC_PREPROCESSOR_DEFINITIONS = (
					"DEBUG=1",
					"$(inherited)",
				);
				GCC_WARN_64_TO_32_BIT_CONVERSION = YES;
				GCC_WARN_ABOUT_RETURN_TYPE = YES_ERROR;
				GCC_WARN_UNDECLARED_SELECTOR = YES;
				GCC_WARN_UNINITIALIZED_AUTOS = YES_AGGRESSIVE;
				GCC_WARN_UNUSED_FUNCTION = YES;
				GCC_WARN_UNUSED_VARIABLE = YES;
				IPHONEOS_DEPLOYMENT_TARGET = 16.1;
				MTL_ENABLE_DEBUG_INFO = INCLUDE_SOURCE;
				MTL_FAST_MATH = YES;
				ONLY_ACTIVE_ARCH = YES;
				SDKROOT = iphoneos;
				SWIFT_ACTIVE_COMPILATION_CONDITIONS = DEBUG;
				SWIFT_OPTIMIZATION_LEVEL = "-Onone";
			};
			name = Debug;
		};
		BB4C55A529F6623200D1C702 /* Release */ = {
			isa = XCBuildConfiguration;
			buildSettings = {
				ALWAYS_SEARCH_USER_PATHS = NO;
				CLANG_ANALYZER_NONNULL = YES;
				CLANG_ANALYZER_NUMBER_OBJECT_CONVERSION = YES_AGGRESSIVE;
				CLANG_CXX_LANGUAGE_STANDARD = "gnu++20";
				CLANG_ENABLE_MODULES = YES;
				CLANG_ENABLE_OBJC_ARC = YES;
				CLANG_ENABLE_OBJC_WEAK = YES;
				CLANG_WARN_BLOCK_CAPTURE_AUTORELEASING = YES;
				CLANG_WARN_BOOL_CONVERSION = YES;
				CLANG_WARN_COMMA = YES;
				CLANG_WARN_CONSTANT_CONVERSION = YES;
				CLANG_WARN_DEPRECATED_OBJC_IMPLEMENTATIONS = YES;
				CLANG_WARN_DIRECT_OBJC_ISA_USAGE = YES_ERROR;
				CLANG_WARN_DOCUMENTATION_COMMENTS = YES;
				CLANG_WARN_EMPTY_BODY = YES;
				CLANG_WARN_ENUM_CONVERSION = YES;
				CLANG_WARN_INFINITE_RECURSION = YES;
				CLANG_WARN_INT_CONVERSION = YES;
				CLANG_WARN_NON_LITERAL_NULL_CONVERSION = YES;
				CLANG_WARN_OBJC_IMPLICIT_RETAIN_SELF = YES;
				CLANG_WARN_OBJC_LITERAL_CONVERSION = YES;
				CLANG_WARN_OBJC_ROOT_CLASS = YES_ERROR;
				CLANG_WARN_QUOTED_INCLUDE_IN_FRAMEWORK_HEADER = YES;
				CLANG_WARN_RANGE_LOOP_ANALYSIS = YES;
				CLANG_WARN_STRICT_PROTOTYPES = YES;
				CLANG_WARN_SUSPICIOUS_MOVE = YES;
				CLANG_WARN_UNGUARDED_AVAILABILITY = YES_AGGRESSIVE;
				CLANG_WARN_UNREACHABLE_CODE = YES;
				CLANG_WARN__DUPLICATE_METHOD_MATCH = YES;
				COPY_PHASE_STRIP = NO;
				DEBUG_INFORMATION_FORMAT = "dwarf-with-dsym";
				ENABLE_NS_ASSERTIONS = NO;
				ENABLE_STRICT_OBJC_MSGSEND = YES;
				GCC_C_LANGUAGE_STANDARD = gnu11;
				GCC_NO_COMMON_BLOCKS = YES;
				GCC_WARN_64_TO_32_BIT_CONVERSION = YES;
				GCC_WARN_ABOUT_RETURN_TYPE = YES_ERROR;
				GCC_WARN_UNDECLARED_SELECTOR = YES;
				GCC_WARN_UNINITIALIZED_AUTOS = YES_AGGRESSIVE;
				GCC_WARN_UNUSED_FUNCTION = YES;
				GCC_WARN_UNUSED_VARIABLE = YES;
				IPHONEOS_DEPLOYMENT_TARGET = 16.1;
				MTL_ENABLE_DEBUG_INFO = NO;
				MTL_FAST_MATH = YES;
				SDKROOT = iphoneos;
				SWIFT_COMPILATION_MODE = wholemodule;
				SWIFT_OPTIMIZATION_LEVEL = "-O";
				VALIDATE_PRODUCT = YES;
			};
			name = Release;
		};
		BB4C55A729F6623200D1C702 /* Debug */ = {
			isa = XCBuildConfiguration;
			buildSettings = {
				ASSETCATALOG_COMPILER_APPICON_NAME = AppIcon;
				ASSETCATALOG_COMPILER_GLOBAL_ACCENT_COLOR_NAME = AccentColor;
				CODE_SIGN_STYLE = Automatic;
				CURRENT_PROJECT_VERSION = 1;
				DEVELOPMENT_TEAM = 4KVRS4Y88X;
				GENERATE_INFOPLIST_FILE = YES;
				INFOPLIST_FILE = DemoDiffableDataSource/Info.plist;
				INFOPLIST_KEY_UIApplicationSupportsIndirectInputEvents = YES;
				INFOPLIST_KEY_UILaunchStoryboardName = LaunchScreen;
				INFOPLIST_KEY_UIMainStoryboardFile = Main;
				INFOPLIST_KEY_UISupportedInterfaceOrientations_iPad = "UIInterfaceOrientationPortrait UIInterfaceOrientationPortraitUpsideDown UIInterfaceOrientationLandscapeLeft UIInterfaceOrientationLandscapeRight";
				INFOPLIST_KEY_UISupportedInterfaceOrientations_iPhone = "UIInterfaceOrientationPortrait UIInterfaceOrientationLandscapeLeft UIInterfaceOrientationLandscapeRight";
				LD_RUNPATH_SEARCH_PATHS = (
					"$(inherited)",
					"@executable_path/Frameworks",
				);
				MARKETING_VERSION = 1.0;
				PRODUCT_BUNDLE_IDENTIFIER = com.knt.DemoDiffableDataSource;
				PRODUCT_NAME = "$(TARGET_NAME)";
				SWIFT_EMIT_LOC_STRINGS = YES;
				SWIFT_VERSION = 5.0;
				TARGETED_DEVICE_FAMILY = "1,2";
			};
			name = Debug;
		};
		BB4C55A829F6623200D1C702 /* Release */ = {
			isa = XCBuildConfiguration;
			buildSettings = {
				ASSETCATALOG_COMPILER_APPICON_NAME = AppIcon;
				ASSETCATALOG_COMPILER_GLOBAL_ACCENT_COLOR_NAME = AccentColor;
				CODE_SIGN_STYLE = Automatic;
				CURRENT_PROJECT_VERSION = 1;
				DEVELOPMENT_TEAM = 4KVRS4Y88X;
				GENERATE_INFOPLIST_FILE = YES;
				INFOPLIST_FILE = DemoDiffableDataSource/Info.plist;
				INFOPLIST_KEY_UIApplicationSupportsIndirectInputEvents = YES;
				INFOPLIST_KEY_UILaunchStoryboardName = LaunchScreen;
				INFOPLIST_KEY_UIMainStoryboardFile = Main;
				INFOPLIST_KEY_UISupportedInterfaceOrientations_iPad = "UIInterfaceOrientationPortrait UIInterfaceOrientationPortraitUpsideDown UIInterfaceOrientationLandscapeLeft UIInterfaceOrientationLandscapeRight";
				INFOPLIST_KEY_UISupportedInterfaceOrientations_iPhone = "UIInterfaceOrientationPortrait UIInterfaceOrientationLandscapeLeft UIInterfaceOrientationLandscapeRight";
				LD_RUNPATH_SEARCH_PATHS = (
					"$(inherited)",
					"@executable_path/Frameworks",
				);
				MARKETING_VERSION = 1.0;
				PRODUCT_BUNDLE_IDENTIFIER = com.knt.DemoDiffableDataSource;
				PRODUCT_NAME = "$(TARGET_NAME)";
				SWIFT_EMIT_LOC_STRINGS = YES;
				SWIFT_VERSION = 5.0;
				TARGETED_DEVICE_FAMILY = "1,2";
			};
			name = Release;
		};
		BB4C55AA29F6623200D1C702 /* Debug */ = {
			isa = XCBuildConfiguration;
			buildSettings = {
				ALWAYS_EMBED_SWIFT_STANDARD_LIBRARIES = YES;
				BUNDLE_LOADER = "$(TEST_HOST)";
				CODE_SIGN_STYLE = Automatic;
				CURRENT_PROJECT_VERSION = 1;
				DEVELOPMENT_TEAM = 4KVRS4Y88X;
				GENERATE_INFOPLIST_FILE = YES;
				IPHONEOS_DEPLOYMENT_TARGET = 16.1;
				MARKETING_VERSION = 1.0;
				PRODUCT_BUNDLE_IDENTIFIER = com.knt.DemoDiffableDataSourceTests;
				PRODUCT_NAME = "$(TARGET_NAME)";
				SWIFT_EMIT_LOC_STRINGS = NO;
				SWIFT_VERSION = 5.0;
				TARGETED_DEVICE_FAMILY = "1,2";
				TEST_HOST = "$(BUILT_PRODUCTS_DIR)/DemoDiffableDataSource.app/$(BUNDLE_EXECUTABLE_FOLDER_PATH)/DemoDiffableDataSource";
			};
			name = Debug;
		};
		BB4C55AB29F6623200D1C702 /* Release */ = {
			isa = XCBuildConfiguration;
			buildSettings = {
				ALWAYS_EMBED_SWIFT_STANDARD_LIBRARIES = YES;
				BUNDLE_LOADER = "$(TEST_HOST)";
				CODE_SIGN_STYLE = Automatic;
				CURRENT_PROJECT_VERSION = 1;
				DEVELOPMENT_TEAM = 4KVRS4Y88X;
				GENERATE_INFOPLIST_FILE = YES;
				IPHONEOS_DEPLOYMENT_TARGET = 16.1;
				MARKETING_VERSION = 1.0;
				PRODUCT_BUNDLE_IDENTIFIER = com.knt.DemoDiffableDataSourceTests;
				PRODUCT_NAME = "$(TARGET_NAME)";
				SWIFT_EMIT_LOC_STRINGS = NO;
				SWIFT_VERSION = 5.0;
				TARGETED_DEVICE_FAMILY = "1,2";
				TEST_HOST = "$(BUILT_PRODUCTS_DIR)/DemoDiffableDataSource.app/$(BUNDLE_EXECUTABLE_FOLDER_PATH)/DemoDiffableDataSource";
			};
			name = Release;
		};
		BB4C55AD29F6623200D1C702 /* Debug */ = {
			isa = XCBuildConfiguration;
			buildSettings = {
				ALWAYS_EMBED_SWIFT_STANDARD_LIBRARIES = YES;
				CODE_SIGN_STYLE = Automatic;
				CURRENT_PROJECT_VERSION = 1;
				DEVELOPMENT_TEAM = 4KVRS4Y88X;
				GENERATE_INFOPLIST_FILE = YES;
				MARKETING_VERSION = 1.0;
				PRODUCT_BUNDLE_IDENTIFIER = com.knt.DemoDiffableDataSourceUITests;
				PRODUCT_NAME = "$(TARGET_NAME)";
				SWIFT_EMIT_LOC_STRINGS = NO;
				SWIFT_VERSION = 5.0;
				TARGETED_DEVICE_FAMILY = "1,2";
				TEST_TARGET_NAME = DemoDiffableDataSource;
			};
			name = Debug;
		};
		BB4C55AE29F6623200D1C702 /* Release */ = {
			isa = XCBuildConfiguration;
			buildSettings = {
				ALWAYS_EMBED_SWIFT_STANDARD_LIBRARIES = YES;
				CODE_SIGN_STYLE = Automatic;
				CURRENT_PROJECT_VERSION = 1;
				DEVELOPMENT_TEAM = 4KVRS4Y88X;
				GENERATE_INFOPLIST_FILE = YES;
				MARKETING_VERSION = 1.0;
				PRODUCT_BUNDLE_IDENTIFIER = com.knt.DemoDiffableDataSourceUITests;
				PRODUCT_NAME = "$(TARGET_NAME)";
				SWIFT_EMIT_LOC_STRINGS = NO;
				SWIFT_VERSION = 5.0;
				TARGETED_DEVICE_FAMILY = "1,2";
				TEST_TARGET_NAME = DemoDiffableDataSource;
			};
			name = Release;
		};
/* End XCBuildConfiguration section */

/* Begin XCConfigurationList section */
		BB4C557729F6623100D1C702 /* Build configuration list for PBXProject "DemoDiffableDataSource" */ = {
			isa = XCConfigurationList;
			buildConfigurations = (
				BB4C55A429F6623200D1C702 /* Debug */,
				BB4C55A529F6623200D1C702 /* Release */,
			);
			defaultConfigurationIsVisible = 0;
			defaultConfigurationName = Release;
		};
		BB4C55A629F6623200D1C702 /* Build configuration list for PBXNativeTarget "DemoDiffableDataSource" */ = {
			isa = XCConfigurationList;
			buildConfigurations = (
				BB4C55A729F6623200D1C702 /* Debug */,
				BB4C55A829F6623200D1C702 /* Release */,
			);
			defaultConfigurationIsVisible = 0;
			defaultConfigurationName = Release;
		};
		BB4C55A929F6623200D1C702 /* Build configuration list for PBXNativeTarget "DemoDiffableDataSourceTests" */ = {
			isa = XCConfigurationList;
			buildConfigurations = (
				BB4C55AA29F6623200D1C702 /* Debug */,
				BB4C55AB29F6623200D1C702 /* Release */,
			);
			defaultConfigurationIsVisible = 0;
			defaultConfigurationName = Release;
		};
		BB4C55AC29F6623200D1C702 /* Build configuration list for PBXNativeTarget "DemoDiffableDataSourceUITests" */ = {
			isa = XCConfigurationList;
			buildConfigurations = (
				BB4C55AD29F6623200D1C702 /* Debug */,
				BB4C55AE29F6623200D1C702 /* Release */,
			);
			defaultConfigurationIsVisible = 0;
			defaultConfigurationName = Release;
		};
/* End XCConfigurationList section */
	};
	rootObject = BB4C557429F6623100D1C702 /* Project object */;
}
